
Microsoft Visual Studio Solution File, Format Version 12.00
# Visual Studio Version 16
VisualStudioVersion = 16.0.31205.134
MinimumVisualStudioVersion = 10.0.40219.1
Project("{FAE04EC0-301F-11D3-BF4B-00C04F79EFBC}") = "ChamarCepApi", "ChamarCepApi\ChamarCepApi.csproj", "{03615BAC-FFBE-47C5-BE84-BAA8D3982973}"
EndProject
Global
	GlobalSection(SolutionConfigurationPlatforms) = preSolution
		Debug|Any CPU = Debug|Any CPU
		Release|Any CPU = Release|Any CPU
	EndGlobalSection
	GlobalSection(ProjectConfigurationPlatforms) = postSolution
		{03615BAC-FFBE-47C5-BE84-BAA8D3982973}.Debug|Any CPU.ActiveCfg = Debug|Any CPU
		{03615BAC-FFBE-47C5-BE84-BAA8D3982973}.Debug|Any CPU.Build.0 = Debug|Any CPU
		{03615BAC-FFBE-47C5-BE84-BAA8D3982973}.Release|Any CPU.ActiveCfg = Release|Any CPU
		{03615BAC-FFBE-47C5-BE84-BAA8D3982973}.Release|Any CPU.Build.0 = Release|Any CPU
	EndGlobalSection
	GlobalSection(SolutionProperties) = preSolution
		HideSolutionNode = FALSE
	EndGlobalSection
	GlobalSection(ExtensibilityGlobals) = postSolution
		SolutionGuid = {E0BEA2A4-1624-4CDA-B354-C78C1C72EF98}
	EndGlobalSection
EndGlobal
